
Microsoft Visual Studio Solution File, Format Version 12.00
# Visual Studio Version 17
VisualStudioVersion = 17.2.32616.157
MinimumVisualStudioVersion = 10.0.40219.1
Project("{FAE04EC0-301F-11D3-BF4B-00C04F79EFBC}") = "App_Hotel.UWP", "App_Hotel\App_Hotel.UWP\App_Hotel.UWP.csproj", "{2E3D7849-F802-4DCB-83CA-17FBC1048FEA}"
EndProject
Project("{FAE04EC0-301F-11D3-BF4B-00C04F79EFBC}") = "App_Hotel.Android", "App_Hotel\App_Hotel.Android\App_Hotel.Android.csproj", "{A952823F-3C98-427C-8B2B-BD1E9041EBB9}"
EndProject
Project("{FAE04EC0-301F-11D3-BF4B-00C04F79EFBC}") = "App_Hotel", "App_Hotel\App_Hotel\App_Hotel.csproj", "{6C97F699-1E05-4794-A8E7-E9B836D5D07D}"
EndProject
Global
	GlobalSection(SolutionConfigurationPlatforms) = preSolution
		Debug|Any CPU = Debug|Any CPU
		Debug|ARM = Debug|ARM
		Debug|x64 = Debug|x64
		Debug|x86 = Debug|x86
		Release|Any CPU = Release|Any CPU
		Release|ARM = Release|ARM
		Release|x64 = Release|x64
		Release|x86 = Release|x86
	EndGlobalSection
	GlobalSection(ProjectConfigurationPlatforms) = postSolution
		{2E3D7849-F802-4DCB-83CA-17FBC1048FEA}.Debug|Any CPU.ActiveCfg = Debug|x64
		{2E3D7849-F802-4DCB-83CA-17FBC1048FEA}.Debug|Any CPU.Build.0 = Debug|x64
		{2E3D7849-F802-4DCB-83CA-17FBC1048FEA}.Debug|Any CPU.Deploy.0 = Debug|x64
		{2E3D7849-F802-4DCB-83CA-17FBC1048FEA}.Debug|ARM.ActiveCfg = Debug|ARM
		{2E3D7849-F802-4DCB-83CA-17FBC1048FEA}.Debug|ARM.Build.0 = Debug|ARM
		{2E3D7849-F802-4DCB-83CA-17FBC1048FEA}.Debug|ARM.Deploy.0 = Debug|ARM
		{2E3D7849-F802-4DCB-83CA-17FBC1048FEA}.Debug|x64.ActiveCfg = Debug|x64
		{2E3D7849-F802-4DCB-83CA-17FBC1048FEA}.Debug|x64.Build.0 = Debug|x64
		{2E3D7849-F802-4DCB-83CA-17FBC1048FEA}.Debug|x64.Deploy.0 = Debug|x64
		{2E3D7849-F802-4DCB-83CA-17FBC1048FEA}.Debug|x86.ActiveCfg = Debug|x86
		{2E3D7849-F802-4DCB-83CA-17FBC1048FEA}.Debug|x86.Build.0 = Debug|x86
		{2E3D7849-F802-4DCB-83CA-17FBC1048FEA}.Debug|x86.Deploy.0 = Debug|x86
		{2E3D7849-F802-4DCB-83CA-17FBC1048FEA}.Release|Any CPU.ActiveCfg = Release|x64
		{2E3D7849-F802-4DCB-83CA-17FBC1048FEA}.Release|Any CPU.Build.0 = Release|x64
		{2E3D7849-F802-4DCB-83CA-17FBC1048FEA}.Release|Any CPU.Deploy.0 = Release|x64
		{2E3D7849-F802-4DCB-83CA-17FBC1048FEA}.Release|ARM.ActiveCfg = Release|ARM
		{2E3D7849-F802-4DCB-83CA-17FBC1048FEA}.Release|ARM.Build.0 = Release|ARM
		{2E3D7849-F802-4DCB-83CA-17FBC1048FEA}.Release|ARM.Deploy.0 = Release|ARM
		{2E3D7849-F802-4DCB-83CA-17FBC1048FEA}.Release|x64.ActiveCfg = Release|x64
		{2E3D7849-F802-4DCB-83CA-17FBC1048FEA}.Release|x64.Build.0 = Release|x64
		{2E3D7849-F802-4DCB-83CA-17FBC1048FEA}.Release|x64.Deploy.0 = Release|x64
		{2E3D7849-F802-4DCB-83CA-17FBC1048FEA}.Release|x86.ActiveCfg = Release|x86
		{2E3D7849-F802-4DCB-83CA-17FBC1048FEA}.Release|x86.Build.0 = Release|x86
		{2E3D7849-F802-4DCB-83CA-17FBC1048FEA}.Release|x86.Deploy.0 = Release|x86
		{A952823F-3C98-427C-8B2B-BD1E9041EBB9}.Debug|Any CPU.ActiveCfg = Debug|Any CPU
		{A952823F-3C98-427C-8B2B-BD1E9041EBB9}.Debug|Any CPU.Build.0 = Debug|Any CPU
		{A952823F-3C98-427C-8B2B-BD1E9041EBB9}.Debug|Any CPU.Deploy.0 = Debug|Any CPU
		{A952823F-3C98-427C-8B2B-BD1E9041EBB9}.Debug|ARM.ActiveCfg = Debug|Any CPU
		{A952823F-3C98-427C-8B2B-BD1E9041EBB9}.Debug|ARM.Build.0 = Debug|Any CPU
		{A952823F-3C98-427C-8B2B-BD1E9041EBB9}.Debug|ARM.Deploy.0 = Debug|Any CPU
		{A952823F-3C98-427C-8B2B-BD1E9041EBB9}.Debug|x64.ActiveCfg = Debug|Any CPU
		{A952823F-3C98-427C-8B2B-BD1E9041EBB9}.Debug|x64.Build.0 = Debug|Any CPU
		{A952823F-3C98-427C-8B2B-BD1E9041EBB9}.Debug|x64.Deploy.0 = Debug|Any CPU
		{A952823F-3C98-427C-8B2B-BD1E9041EBB9}.Debug|x86.ActiveCfg = Debug|Any CPU
		{A952823F-3C98-427C-8B2B-BD1E9041EBB9}.Debug|x86.Build.0 = Debug|Any CPU
		{A952823F-3C98-427C-8B2B-BD1E9041EBB9}.Debug|x86.Deploy.0 = Debug|Any CPU
		{A952823F-3C98-427C-8B2B-BD1E9041EBB9}.Release|Any CPU.ActiveCfg = Release|Any CPU
		{A952823F-3C98-427C-8B2B-BD1E9041EBB9}.Release|Any CPU.Build.0 = Release|Any CPU
		{A952823F-3C98-427C-8B2B-BD1E9041EBB9}.Release|Any CPU.Deploy.0 = Release|Any CPU
		{A952823F-3C98-427C-8B2B-BD1E9041EBB9}.Release|ARM.ActiveCfg = Release|Any CPU
		{A952823F-3C98-427C-8B2B-BD1E9041EBB9}.Release|ARM.Build.0 = Release|Any CPU
		{A952823F-3C98-427C-8B2B-BD1E9041EBB9}.Release|ARM.Deploy.0 = Release|Any CPU
		{A952823F-3C98-427C-8B2B-BD1E9041EBB9}.Release|x64.ActiveCfg = Release|Any CPU
		{A952823F-3C98-427C-8B2B-BD1E9041EBB9}.Release|x64.Build.0 = Release|Any CPU
		{A952823F-3C98-427C-8B2B-BD1E9041EBB9}.Release|x64.Deploy.0 = Release|Any CPU
		{A952823F-3C98-427C-8B2B-BD1E9041EBB9}.Release|x86.ActiveCfg = Release|Any CPU
		{A952823F-3C98-427C-8B2B-BD1E9041EBB9}.Release|x86.Build.0 = Release|Any CPU
		{A952823F-3C98-427C-8B2B-BD1E9041EBB9}.Release|x86.Deploy.0 = Release|Any CPU
		{6C97F699-1E05-4794-A8E7-E9B836D5D07D}.Debug|Any CPU.ActiveCfg = Debug|Any CPU
		{6C97F699-1E05-4794-A8E7-E9B836D5D07D}.Debug|Any CPU.Build.0 = Debug|Any CPU
		{6C97F699-1E05-4794-A8E7-E9B836D5D07D}.Debug|Any CPU.Deploy.0 = Debug|Any CPU
		{6C97F699-1E05-4794-A8E7-E9B836D5D07D}.Debug|ARM.ActiveCfg = Debug|Any CPU
		{6C97F699-1E05-4794-A8E7-E9B836D5D07D}.Debug|ARM.Build.0 = Debug|Any CPU
		{6C97F699-1E05-4794-A8E7-E9B836D5D07D}.Debug|ARM.Deploy.0 = Debug|Any CPU
		{6C97F699-1E05-4794-A8E7-E9B836D5D07D}.Debug|x64.ActiveCfg = Debug|Any CPU
		{6C97F699-1E05-4794-A8E7-E9B836D5D07D}.Debug|x64.Build.0 = Debug|Any CPU
		{6C97F699-1E05-4794-A8E7-E9B836D5D07D}.Debug|x64.Deploy.0 = Debug|Any CPU
		{6C97F699-1E05-4794-A8E7-E9B836D5D07D}.Debug|x86.ActiveCfg = Debug|Any CPU
		{6C97F699-1E05-4794-A8E7-E9B836D5D07D}.Debug|x86.Build.0 = Debug|Any CPU
		{6C97F699-1E05-4794-A8E7-E9B836D5D07D}.Debug|x86.Deploy.0 = Debug|Any CPU
		{6C97F699-1E05-4794-A8E7-E9B836D5D07D}.Release|Any CPU.ActiveCfg = Release|Any CPU
		{6C97F699-1E05-4794-A8E7-E9B836D5D07D}.Release|Any CPU.Build.0 = Release|Any CPU
		{6C97F699-1E05-4794-A8E7-E9B836D5D07D}.Release|Any CPU.Deploy.0 = Release|Any CPU
		{6C97F699-1E05-4794-A8E7-E9B836D5D07D}.Release|ARM.ActiveCfg = Release|Any CPU
		{6C97F699-1E05-4794-A8E7-E9B836D5D07D}.Release|ARM.Build.0 = Release|Any CPU
		{6C97F699-1E05-4794-A8E7-E9B836D5D07D}.Release|ARM.Deploy.0 = Release|Any CPU
		{6C97F699-1E05-4794-A8E7-E9B836D5D07D}.Release|x64.ActiveCfg = Release|Any CPU
		{6C97F699-1E05-4794-A8E7-E9B836D5D07D}.Release|x64.Build.0 = Release|Any CPU
		{6C97F699-1E05-4794-A8E7-E9B836D5D07D}.Release|x64.Deploy.0 = Release|Any CPU
		{6C97F699-1E05-4794-A8E7-E9B836D5D07D}.Release|x86.ActiveCfg = Release|Any CPU
		{6C97F699-1E05-4794-A8E7-E9B836D5D07D}.Release|x86.Build.0 = Release|Any CPU
		{6C97F699-1E05-4794-A8E7-E9B836D5D07D}.Release|x86.Deploy.0 = Release|Any CPU
	EndGlobalSection
	GlobalSection(SolutionProperties) = preSolution
		HideSolutionNode = FALSE
	EndGlobalSection
	GlobalSection(ExtensibilityGlobals) = postSolution
		SolutionGuid = {5ED086CA-E858-498C-A825-56B423480C36}
	EndGlobalSection
EndGlobal
